
Microsoft Visual Studio Solution File, Format Version 12.00
# Visual Studio 15
Project("{FAE04EC0-301F-11D3-BF4B-00C04F79EFBC}") = "UnityEngine.UI", "UnityEngine.UI.csproj", "{A6F954E4-2D50-AB4A-0C9D-EF9A85D214BF}"
EndProject
Project("{FAE04EC0-301F-11D3-BF4B-00C04F79EFBC}") = "UnityEngine.TestRunner", "UnityEngine.TestRunner.csproj", "{A8F3C610-F19B-1621-B834-E170C37DC3F2}"
EndProject
Project("{FAE04EC0-301F-11D3-BF4B-00C04F79EFBC}") = "Unity.Mathematics", "Unity.Mathematics.csproj", "{A98CC86B-6567-5753-8A02-DB941A6CA954}"
EndProject
Project("{FAE04EC0-301F-11D3-BF4B-00C04F79EFBC}") = "Unity.Timeline", "Unity.Timeline.csproj", "{8BD81E06-D9A8-1F2D-EC78-C8208AE0F55C}"
EndProject
Project("{FAE04EC0-301F-11D3-BF4B-00C04F79EFBC}") = "Unity.TextMeshPro", "Unity.TextMeshPro.csproj", "{443CE488-FAA1-FA24-E6E2-D5C7D85981A5}"
EndProject
Project("{FAE04EC0-301F-11D3-BF4B-00C04F79EFBC}") = "Unity.2D.Animation.Runtime", "Unity.2D.Animation.Runtime.csproj", "{462064DC-A21E-7055-60CD-C41C40517BC7}"
EndProject
Project("{FAE04EC0-301F-11D3-BF4B-00C04F79EFBC}") = "Unity.2D.IK.Runtime", "Unity.2D.IK.Runtime.csproj", "{989DC7AF-F313-9F28-3A36-CD91CF20696D}"
EndProject
Project("{FAE04EC0-301F-11D3-BF4B-00C04F79EFBC}") = "Unity.2D.SpriteShape.Runtime", "Unity.2D.SpriteShape.Runtime.csproj", "{8B4E2764-6590-6DBC-77E3-7CFE45BBC3B7}"
EndProject
Project("{FAE04EC0-301F-11D3-BF4B-00C04F79EFBC}") = "Unity.2D.PixelPerfect", "Unity.2D.PixelPerfect.csproj", "{CA2D4D08-BE2D-54D2-D793-4A9101991913}"
EndProject
Project("{FAE04EC0-301F-11D3-BF4B-00C04F79EFBC}") = "Unity.2D.Common.Runtime", "Unity.2D.Common.Runtime.csproj", "{2728AF5C-BEA2-29C1-2DD7-FDA0BC316444}"
EndProject
Project("{FAE04EC0-301F-11D3-BF4B-00C04F79EFBC}") = "Unity.InternalAPIEngineBridge.001", "Unity.InternalAPIEngineBridge.001.csproj", "{1F46A93D-07AD-CFCE-3054-F47D409B8FA0}"
EndProject
Project("{FAE04EC0-301F-11D3-BF4B-00C04F79EFBC}") = "UnityEditor.TestRunner", "UnityEditor.TestRunner.csproj", "{B37115F0-35BD-185C-B953-3A38ADE21584}"
EndProject
Project("{FAE04EC0-301F-11D3-BF4B-00C04F79EFBC}") = "Unity.PlasticSCM.Editor", "Unity.PlasticSCM.Editor.csproj", "{2E8F9EDE-3AFB-6B7F-B285-8B4FC9A1E883}"
EndProject
Project("{FAE04EC0-301F-11D3-BF4B-00C04F79EFBC}") = "Unity.2D.Animation.Triangle.Editor", "Unity.2D.Animation.Triangle.Editor.csproj", "{A5FDE80F-9473-7C6E-546B-5E08AAA1D3CB}"
EndProject
Project("{FAE04EC0-301F-11D3-BF4B-00C04F79EFBC}") = "UnityEditor.UI", "UnityEditor.UI.csproj", "{84D654DA-6031-4D72-0444-ECE1F704F621}"
EndProject
Project("{FAE04EC0-301F-11D3-BF4B-00C04F79EFBC}") = "Unity.Services.Core.Editor", "Unity.Services.Core.Editor.csproj", "{BF009201-1AD0-4737-7412-D016784612CD}"
EndProject
Project("{FAE04EC0-301F-11D3-BF4B-00C04F79EFBC}") = "Unity.Timeline.Editor", "Unity.Timeline.Editor.csproj", "{17F4CDA3-BDBA-EC2D-47E4-C1C63D7E75FE}"
EndProject
Project("{FAE04EC0-301F-11D3-BF4B-00C04F79EFBC}") = "Unity.VisualStudio.Editor", "Unity.VisualStudio.Editor.csproj", "{FB9D953C-1A2A-59DE-1F89-23B33A0B04A1}"
EndProject
Project("{FAE04EC0-301F-11D3-BF4B-00C04F79EFBC}") = "Unity.2D.Psdimporter.Editor", "Unity.2D.Psdimporter.Editor.csproj", "{FB437713-B4C6-771C-4D97-EB5CEE1EE092}"
EndProject
Project("{FAE04EC0-301F-11D3-BF4B-00C04F79EFBC}") = "Unity.2D.Animation.Editor", "Unity.2D.Animation.Editor.csproj", "{0AB4A082-1A66-E9F0-16F8-641847A5B31B}"
EndProject
Project("{FAE04EC0-301F-11D3-BF4B-00C04F79EFBC}") = "Unity.TextMeshPro.Editor", "Unity.TextMeshPro.Editor.csproj", "{88F42AD7-12C6-419C-33A5-2C191D71C56B}"
EndProject
Project("{FAE04EC0-301F-11D3-BF4B-00C04F79EFBC}") = "Unity.2D.SpriteShape.Editor", "Unity.2D.SpriteShape.Editor.csproj", "{D40DC61A-713F-BC92-E690-CFA7F1AA2270}"
EndProject
Project("{FAE04EC0-301F-11D3-BF4B-00C04F79EFBC}") = "Unity.CollabProxy.Editor", "Unity.CollabProxy.Editor.csproj", "{5C9E642A-0005-6B88-3E26-2B7C7C4D9BBC}"
EndProject
Project("{FAE04EC0-301F-11D3-BF4B-00C04F79EFBC}") = "PsdPlugin", "PsdPlugin.csproj", "{F2A299B5-EC3F-DC61-DA7F-F1CDEE317C83}"
EndProject
Project("{FAE04EC0-301F-11D3-BF4B-00C04F79EFBC}") = "Unity.2D.Path.Editor", "Unity.2D.Path.Editor.csproj", "{EF7FBDE2-D8AF-7A97-7B62-3788E64EF8AE}"
EndProject
Project("{FAE04EC0-301F-11D3-BF4B-00C04F79EFBC}") = "Unity.Rider.Editor", "Unity.Rider.Editor.csproj", "{E24B0E27-5BE5-234D-6500-73890722486F}"
EndProject
Project("{FAE04EC0-301F-11D3-BF4B-00C04F79EFBC}") = "Unity.2D.IK.Editor", "Unity.2D.IK.Editor.csproj", "{720BCC7E-EC08-EDCA-D782-EE0C1226639B}"
EndProject
Project("{FAE04EC0-301F-11D3-BF4B-00C04F79EFBC}") = "Unity.2D.Sprite.Editor", "Unity.2D.Sprite.Editor.csproj", "{8A30FBBE-3A9E-6E03-1762-8B1B2C3DF0A9}"
EndProject
Project("{FAE04EC0-301F-11D3-BF4B-00C04F79EFBC}") = "Unity.2D.Tilemap.Editor", "Unity.2D.Tilemap.Editor.csproj", "{189C672B-B230-874F-6C61-83BAE61CD3BD}"
EndProject
Project("{FAE04EC0-301F-11D3-BF4B-00C04F79EFBC}") = "Unity.2D.PixelPerfect.Editor", "Unity.2D.PixelPerfect.Editor.csproj", "{8C3E3AD7-710C-5996-A0B9-63B8DD302AFE}"
EndProject
Project("{FAE04EC0-301F-11D3-BF4B-00C04F79EFBC}") = "Unity.VSCode.Editor", "Unity.VSCode.Editor.csproj", "{2CE531BB-1643-B6EC-D366-17B696D3A033}"
EndProject
Project("{FAE04EC0-301F-11D3-BF4B-00C04F79EFBC}") = "Unity.2D.Common.Editor", "Unity.2D.Common.Editor.csproj", "{5D2192D7-EBC3-94FB-875C-E59AFD313470}"
EndProject
Project("{FAE04EC0-301F-11D3-BF4B-00C04F79EFBC}") = "Unity.Mathematics.Editor", "Unity.Mathematics.Editor.csproj", "{8ACB291F-1708-F274-81F4-BFD5E1C3C998}"
EndProject
Project("{FAE04EC0-301F-11D3-BF4B-00C04F79EFBC}") = "Unity.InternalAPIEditorBridge.001", "Unity.InternalAPIEditorBridge.001.csproj", "{FBEDCEED-F0C4-AD2C-470B-C1F431818EFB}"
EndProject
Project("{FAE04EC0-301F-11D3-BF4B-00C04F79EFBC}") = "UnityEngine.UI", "UnityEngine.UI.Player.csproj", "{FE07BD08-C1A8-12CB-A400-8AF795E27BEF}"
EndProject
Project("{FAE04EC0-301F-11D3-BF4B-00C04F79EFBC}") = "UnityEngine.TestRunner", "UnityEngine.TestRunner.Player.csproj", "{1CD13B76-30D7-6CF2-85E6-09F9F4FAF4F0}"
EndProject
Project("{FAE04EC0-301F-11D3-BF4B-00C04F79EFBC}") = "Unity.Mathematics", "Unity.Mathematics.Player.csproj", "{F0C10B25-63C9-2B3A-CCCB-0A879185DDB0}"
EndProject
Project("{FAE04EC0-301F-11D3-BF4B-00C04F79EFBC}") = "Unity.Timeline", "Unity.Timeline.Player.csproj", "{1E7693ED-2B68-3F7A-874D-34D5E7C9A0C4}"
EndProject
Project("{FAE04EC0-301F-11D3-BF4B-00C04F79EFBC}") = "Unity.TextMeshPro", "Unity.TextMeshPro.Player.csproj", "{513A6FDE-85DC-7251-2B92-D3758D34B39B}"
EndProject
Project("{FAE04EC0-301F-11D3-BF4B-00C04F79EFBC}") = "Unity.2D.Animation.Runtime", "Unity.2D.Animation.Runtime.Player.csproj", "{10443377-2D6B-1D0A-624F-F4F5CC2003E8}"
EndProject
Project("{FAE04EC0-301F-11D3-BF4B-00C04F79EFBC}") = "Unity.2D.IK.Runtime", "Unity.2D.IK.Runtime.Player.csproj", "{4B6720AE-B7FB-A531-439F-005EDA88E208}"
EndProject
Project("{FAE04EC0-301F-11D3-BF4B-00C04F79EFBC}") = "Unity.2D.SpriteShape.Runtime", "Unity.2D.SpriteShape.Runtime.Player.csproj", "{2C7958ED-650E-07B7-5FB8-842DFFDBA7C2}"
EndProject
Project("{FAE04EC0-301F-11D3-BF4B-00C04F79EFBC}") = "Unity.2D.PixelPerfect", "Unity.2D.PixelPerfect.Player.csproj", "{922E68A3-177A-5FC6-CA15-0DB64DBEBB51}"
EndProject
Project("{FAE04EC0-301F-11D3-BF4B-00C04F79EFBC}") = "Unity.2D.Common.Runtime", "Unity.2D.Common.Runtime.Player.csproj", "{9AAA9884-5C09-526A-F6C6-A79B9B24F465}"
EndProject
Project("{FAE04EC0-301F-11D3-BF4B-00C04F79EFBC}") = "Unity.InternalAPIEngineBridge.001", "Unity.InternalAPIEngineBridge.001.Player.csproj", "{224080F6-E003-4C57-F129-33456E36FEA3}"
EndProject
Global
	GlobalSection(SolutionConfigurationPlatforms) = preSolution
		Debug|Any CPU = Debug|Any CPU
		Release|Any CPU = Release|Any CPU
	EndGlobalSection
	GlobalSection(ProjectConfigurationPlatforms) = postSolution
		{A6F954E4-2D50-AB4A-0C9D-EF9A85D214BF}.Debug|Any CPU.ActiveCfg = Debug|Any CPU
		{A6F954E4-2D50-AB4A-0C9D-EF9A85D214BF}.Debug|Any CPU.Build.0 = Debug|Any CPU
		{A6F954E4-2D50-AB4A-0C9D-EF9A85D214BF}.Release|Any CPU.ActiveCfg = Release|Any CPU
		{A6F954E4-2D50-AB4A-0C9D-EF9A85D214BF}.Release|Any CPU.Build.0 = Release|Any CPU
		{A8F3C610-F19B-1621-B834-E170C37DC3F2}.Debug|Any CPU.ActiveCfg = Debug|Any CPU
		{A8F3C610-F19B-1621-B834-E170C37DC3F2}.Debug|Any CPU.Build.0 = Debug|Any CPU
		{A8F3C610-F19B-1621-B834-E170C37DC3F2}.Release|Any CPU.ActiveCfg = Release|Any CPU
		{A8F3C610-F19B-1621-B834-E170C37DC3F2}.Release|Any CPU.Build.0 = Release|Any CPU
		{A98CC86B-6567-5753-8A02-DB941A6CA954}.Debug|Any CPU.ActiveCfg = Debug|Any CPU
		{A98CC86B-6567-5753-8A02-DB941A6CA954}.Debug|Any CPU.Build.0 = Debug|Any CPU
		{A98CC86B-6567-5753-8A02-DB941A6CA954}.Release|Any CPU.ActiveCfg = Release|Any CPU
		{A98CC86B-6567-5753-8A02-DB941A6CA954}.Release|Any CPU.Build.0 = Release|Any CPU
		{8BD81E06-D9A8-1F2D-EC78-C8208AE0F55C}.Debug|Any CPU.ActiveCfg = Debug|Any CPU
		{8BD81E06-D9A8-1F2D-EC78-C8208AE0F55C}.Debug|Any CPU.Build.0 = Debug|Any CPU
		{8BD81E06-D9A8-1F2D-EC78-C8208AE0F55C}.Release|Any CPU.ActiveCfg = Release|Any CPU
		{8BD81E06-D9A8-1F2D-EC78-C8208AE0F55C}.Release|Any CPU.Build.0 = Release|Any CPU
		{443CE488-FAA1-FA24-E6E2-D5C7D85981A5}.Debug|Any CPU.ActiveCfg = Debug|Any CPU
		{443CE488-FAA1-FA24-E6E2-D5C7D85981A5}.Debug|Any CPU.Build.0 = Debug|Any CPU
		{443CE488-FAA1-FA24-E6E2-D5C7D85981A5}.Release|Any CPU.ActiveCfg = Release|Any CPU
		{443CE488-FAA1-FA24-E6E2-D5C7D85981A5}.Release|Any CPU.Build.0 = Release|Any CPU
		{462064DC-A21E-7055-60CD-C41C40517BC7}.Debug|Any CPU.ActiveCfg = Debug|Any CPU
		{462064DC-A21E-7055-60CD-C41C40517BC7}.Debug|Any CPU.Build.0 = Debug|Any CPU
		{462064DC-A21E-7055-60CD-C41C40517BC7}.Release|Any CPU.ActiveCfg = Release|Any CPU
		{462064DC-A21E-7055-60CD-C41C40517BC7}.Release|Any CPU.Build.0 = Release|Any CPU
		{989DC7AF-F313-9F28-3A36-CD91CF20696D}.Debug|Any CPU.ActiveCfg = Debug|Any CPU
		{989DC7AF-F313-9F28-3A36-CD91CF20696D}.Debug|Any CPU.Build.0 = Debug|Any CPU
		{989DC7AF-F313-9F28-3A36-CD91CF20696D}.Release|Any CPU.ActiveCfg = Release|Any CPU
		{989DC7AF-F313-9F28-3A36-CD91CF20696D}.Release|Any CPU.Build.0 = Release|Any CPU
		{8B4E2764-6590-6DBC-77E3-7CFE45BBC3B7}.Debug|Any CPU.ActiveCfg = Debug|Any CPU
		{8B4E2764-6590-6DBC-77E3-7CFE45BBC3B7}.Debug|Any CPU.Build.0 = Debug|Any CPU
		{8B4E2764-6590-6DBC-77E3-7CFE45BBC3B7}.Release|Any CPU.ActiveCfg = Release|Any CPU
		{8B4E2764-6590-6DBC-77E3-7CFE45BBC3B7}.Release|Any CPU.Build.0 = Release|Any CPU
		{CA2D4D08-BE2D-54D2-D793-4A9101991913}.Debug|Any CPU.ActiveCfg = Debug|Any CPU
		{CA2D4D08-BE2D-54D2-D793-4A9101991913}.Debug|Any CPU.Build.0 = Debug|Any CPU
		{CA2D4D08-BE2D-54D2-D793-4A9101991913}.Release|Any CPU.ActiveCfg = Release|Any CPU
		{CA2D4D08-BE2D-54D2-D793-4A9101991913}.Release|Any CPU.Build.0 = Release|Any CPU
		{2728AF5C-BEA2-29C1-2DD7-FDA0BC316444}.Debug|Any CPU.ActiveCfg = Debug|Any CPU
		{2728AF5C-BEA2-29C1-2DD7-FDA0BC316444}.Debug|Any CPU.Build.0 = Debug|Any CPU
		{2728AF5C-BEA2-29C1-2DD7-FDA0BC316444}.Release|Any CPU.ActiveCfg = Release|Any CPU
		{2728AF5C-BEA2-29C1-2DD7-FDA0BC316444}.Release|Any CPU.Build.0 = Release|Any CPU
		{1F46A93D-07AD-CFCE-3054-F47D409B8FA0}.Debug|Any CPU.ActiveCfg = Debug|Any CPU
		{1F46A93D-07AD-CFCE-3054-F47D409B8FA0}.Debug|Any CPU.Build.0 = Debug|Any CPU
		{1F46A93D-07AD-CFCE-3054-F47D409B8FA0}.Release|Any CPU.ActiveCfg = Release|Any CPU
		{1F46A93D-07AD-CFCE-3054-F47D409B8FA0}.Release|Any CPU.Build.0 = Release|Any CPU
		{B37115F0-35BD-185C-B953-3A38ADE21584}.Debug|Any CPU.ActiveCfg = Debug|Any CPU
		{B37115F0-35BD-185C-B953-3A38ADE21584}.Debug|Any CPU.Build.0 = Debug|Any CPU
		{B37115F0-35BD-185C-B953-3A38ADE21584}.Release|Any CPU.ActiveCfg = Release|Any CPU
		{B37115F0-35BD-185C-B953-3A38ADE21584}.Release|Any CPU.Build.0 = Release|Any CPU
		{2E8F9EDE-3AFB-6B7F-B285-8B4FC9A1E883}.Debug|Any CPU.ActiveCfg = Debug|Any CPU
		{2E8F9EDE-3AFB-6B7F-B285-8B4FC9A1E883}.Debug|Any CPU.Build.0 = Debug|Any CPU
		{2E8F9EDE-3AFB-6B7F-B285-8B4FC9A1E883}.Release|Any CPU.ActiveCfg = Release|Any CPU
		{2E8F9EDE-3AFB-6B7F-B285-8B4FC9A1E883}.Release|Any CPU.Build.0 = Release|Any CPU
		{A5FDE80F-9473-7C6E-546B-5E08AAA1D3CB}.Debug|Any CPU.ActiveCfg = Debug|Any CPU
		{A5FDE80F-9473-7C6E-546B-5E08AAA1D3CB}.Debug|Any CPU.Build.0 = Debug|Any CPU
		{A5FDE80F-9473-7C6E-546B-5E08AAA1D3CB}.Release|Any CPU.ActiveCfg = Release|Any CPU
		{A5FDE80F-9473-7C6E-546B-5E08AAA1D3CB}.Release|Any CPU.Build.0 = Release|Any CPU
		{84D654DA-6031-4D72-0444-ECE1F704F621}.Debug|Any CPU.ActiveCfg = Debug|Any CPU
		{84D654DA-6031-4D72-0444-ECE1F704F621}.Debug|Any CPU.Build.0 = Debug|Any CPU
		{84D654DA-6031-4D72-0444-ECE1F704F621}.Release|Any CPU.ActiveCfg = Release|Any CPU
		{84D654DA-6031-4D72-0444-ECE1F704F621}.Release|Any CPU.Build.0 = Release|Any CPU
		{BF009201-1AD0-4737-7412-D016784612CD}.Debug|Any CPU.ActiveCfg = Debug|Any CPU
		{BF009201-1AD0-4737-7412-D016784612CD}.Debug|Any CPU.Build.0 = Debug|Any CPU
		{BF009201-1AD0-4737-7412-D016784612CD}.Release|Any CPU.ActiveCfg = Release|Any CPU
		{BF009201-1AD0-4737-7412-D016784612CD}.Release|Any CPU.Build.0 = Release|Any CPU
		{17F4CDA3-BDBA-EC2D-47E4-C1C63D7E75FE}.Debug|Any CPU.ActiveCfg = Debug|Any CPU
		{17F4CDA3-BDBA-EC2D-47E4-C1C63D7E75FE}.Debug|Any CPU.Build.0 = Debug|Any CPU
		{17F4CDA3-BDBA-EC2D-47E4-C1C63D7E75FE}.Release|Any CPU.ActiveCfg = Release|Any CPU
		{17F4CDA3-BDBA-EC2D-47E4-C1C63D7E75FE}.Release|Any CPU.Build.0 = Release|Any CPU
		{FB9D953C-1A2A-59DE-1F89-23B33A0B04A1}.Debug|Any CPU.ActiveCfg = Debug|Any CPU
		{FB9D953C-1A2A-59DE-1F89-23B33A0B04A1}.Debug|Any CPU.Build.0 = Debug|Any CPU
		{FB9D953C-1A2A-59DE-1F89-23B33A0B04A1}.Release|Any CPU.ActiveCfg = Release|Any CPU
		{FB9D953C-1A2A-59DE-1F89-23B33A0B04A1}.Release|Any CPU.Build.0 = Release|Any CPU
		{FB437713-B4C6-771C-4D97-EB5CEE1EE092}.Debug|Any CPU.ActiveCfg = Debug|Any CPU
		{FB437713-B4C6-771C-4D97-EB5CEE1EE092}.Debug|Any CPU.Build.0 = Debug|Any CPU
		{FB437713-B4C6-771C-4D97-EB5CEE1EE092}.Release|Any CPU.ActiveCfg = Release|Any CPU
		{FB437713-B4C6-771C-4D97-EB5CEE1EE092}.Release|Any CPU.Build.0 = Release|Any CPU
		{0AB4A082-1A66-E9F0-16F8-641847A5B31B}.Debug|Any CPU.ActiveCfg = Debug|Any CPU
		{0AB4A082-1A66-E9F0-16F8-641847A5B31B}.Debug|Any CPU.Build.0 = Debug|Any CPU
		{0AB4A082-1A66-E9F0-16F8-641847A5B31B}.Release|Any CPU.ActiveCfg = Release|Any CPU
		{0AB4A082-1A66-E9F0-16F8-641847A5B31B}.Release|Any CPU.Build.0 = Release|Any CPU
		{88F42AD7-12C6-419C-33A5-2C191D71C56B}.Debug|Any CPU.ActiveCfg = Debug|Any CPU
		{88F42AD7-12C6-419C-33A5-2C191D71C56B}.Debug|Any CPU.Build.0 = Debug|Any CPU
		{88F42AD7-12C6-419C-33A5-2C191D71C56B}.Release|Any CPU.ActiveCfg = Release|Any CPU
		{88F42AD7-12C6-419C-33A5-2C191D71C56B}.Release|Any CPU.Build.0 = Release|Any CPU
		{D40DC61A-713F-BC92-E690-CFA7F1AA2270}.Debug|Any CPU.ActiveCfg = Debug|Any CPU
		{D40DC61A-713F-BC92-E690-CFA7F1AA2270}.Debug|Any CPU.Build.0 = Debug|Any CPU
		{D40DC61A-713F-BC92-E690-CFA7F1AA2270}.Release|Any CPU.ActiveCfg = Release|Any CPU
		{D40DC61A-713F-BC92-E690-CFA7F1AA2270}.Release|Any CPU.Build.0 = Release|Any CPU
		{5C9E642A-0005-6B88-3E26-2B7C7C4D9BBC}.Debug|Any CPU.ActiveCfg = Debug|Any CPU
		{5C9E642A-0005-6B88-3E26-2B7C7C4D9BBC}.Debug|Any CPU.Build.0 = Debug|Any CPU
		{5C9E642A-0005-6B88-3E26-2B7C7C4D9BBC}.Release|Any CPU.ActiveCfg = Release|Any CPU
		{5C9E642A-0005-6B88-3E26-2B7C7C4D9BBC}.Release|Any CPU.Build.0 = Release|Any CPU
		{F2A299B5-EC3F-DC61-DA7F-F1CDEE317C83}.Debug|Any CPU.ActiveCfg = Debug|Any CPU
		{F2A299B5-EC3F-DC61-DA7F-F1CDEE317C83}.Debug|Any CPU.Build.0 = Debug|Any CPU
		{F2A299B5-EC3F-DC61-DA7F-F1CDEE317C83}.Release|Any CPU.ActiveCfg = Release|Any CPU
		{F2A299B5-EC3F-DC61-DA7F-F1CDEE317C83}.Release|Any CPU.Build.0 = Release|Any CPU
		{EF7FBDE2-D8AF-7A97-7B62-3788E64EF8AE}.Debug|Any CPU.ActiveCfg = Debug|Any CPU
		{EF7FBDE2-D8AF-7A97-7B62-3788E64EF8AE}.Debug|Any CPU.Build.0 = Debug|Any CPU
		{EF7FBDE2-D8AF-7A97-7B62-3788E64EF8AE}.Release|Any CPU.ActiveCfg = Release|Any CPU
		{EF7FBDE2-D8AF-7A97-7B62-3788E64EF8AE}.Release|Any CPU.Build.0 = Release|Any CPU
		{E24B0E27-5BE5-234D-6500-73890722486F}.Debug|Any CPU.ActiveCfg = Debug|Any CPU
		{E24B0E27-5BE5-234D-6500-73890722486F}.Debug|Any CPU.Build.0 = Debug|Any CPU
		{E24B0E27-5BE5-234D-6500-73890722486F}.Release|Any CPU.ActiveCfg = Release|Any CPU
		{E24B0E27-5BE5-234D-6500-73890722486F}.Release|Any CPU.Build.0 = Release|Any CPU
		{720BCC7E-EC08-EDCA-D782-EE0C1226639B}.Debug|Any CPU.ActiveCfg = Debug|Any CPU
		{720BCC7E-EC08-EDCA-D782-EE0C1226639B}.Debug|Any CPU.Build.0 = Debug|Any CPU
		{720BCC7E-EC08-EDCA-D782-EE0C1226639B}.Release|Any CPU.ActiveCfg = Release|Any CPU
		{720BCC7E-EC08-EDCA-D782-EE0C1226639B}.Release|Any CPU.Build.0 = Release|Any CPU
		{8A30FBBE-3A9E-6E03-1762-8B1B2C3DF0A9}.Debug|Any CPU.ActiveCfg = Debug|Any CPU
		{8A30FBBE-3A9E-6E03-1762-8B1B2C3DF0A9}.Debug|Any CPU.Build.0 = Debug|Any CPU
		{8A30FBBE-3A9E-6E03-1762-8B1B2C3DF0A9}.Release|Any CPU.ActiveCfg = Release|Any CPU
		{8A30FBBE-3A9E-6E03-1762-8B1B2C3DF0A9}.Release|Any CPU.Build.0 = Release|Any CPU
		{189C672B-B230-874F-6C61-83BAE61CD3BD}.Debug|Any CPU.ActiveCfg = Debug|Any CPU
		{189C672B-B230-874F-6C61-83BAE61CD3BD}.Debug|Any CPU.Build.0 = Debug|Any CPU
		{189C672B-B230-874F-6C61-83BAE61CD3BD}.Release|Any CPU.ActiveCfg = Release|Any CPU
		{189C672B-B230-874F-6C61-83BAE61CD3BD}.Release|Any CPU.Build.0 = Release|Any CPU
		{8C3E3AD7-710C-5996-A0B9-63B8DD302AFE}.Debug|Any CPU.ActiveCfg = Debug|Any CPU
		{8C3E3AD7-710C-5996-A0B9-63B8DD302AFE}.Debug|Any CPU.Build.0 = Debug|Any CPU
		{8C3E3AD7-710C-5996-A0B9-63B8DD302AFE}.Release|Any CPU.ActiveCfg = Release|Any CPU
		{8C3E3AD7-710C-5996-A0B9-63B8DD302AFE}.Release|Any CPU.Build.0 = Release|Any CPU
		{2CE531BB-1643-B6EC-D366-17B696D3A033}.Debug|Any CPU.ActiveCfg = Debug|Any CPU
		{2CE531BB-1643-B6EC-D366-17B696D3A033}.Debug|Any CPU.Build.0 = Debug|Any CPU
		{2CE531BB-1643-B6EC-D366-17B696D3A033}.Release|Any CPU.ActiveCfg = Release|Any CPU
		{2CE531BB-1643-B6EC-D366-17B696D3A033}.Release|Any CPU.Build.0 = Release|Any CPU
		{5D2192D7-EBC3-94FB-875C-E59AFD313470}.Debug|Any CPU.ActiveCfg = Debug|Any CPU
		{5D2192D7-EBC3-94FB-875C-E59AFD313470}.Debug|Any CPU.Build.0 = Debug|Any CPU
		{5D2192D7-EBC3-94FB-875C-E59AFD313470}.Release|Any CPU.ActiveCfg = Release|Any CPU
		{5D2192D7-EBC3-94FB-875C-E59AFD313470}.Release|Any CPU.Build.0 = Release|Any CPU
		{8ACB291F-1708-F274-81F4-BFD5E1C3C998}.Debug|Any CPU.ActiveCfg = Debug|Any CPU
		{8ACB291F-1708-F274-81F4-BFD5E1C3C998}.Debug|Any CPU.Build.0 = Debug|Any CPU
		{8ACB291F-1708-F274-81F4-BFD5E1C3C998}.Release|Any CPU.ActiveCfg = Release|Any CPU
		{8ACB291F-1708-F274-81F4-BFD5E1C3C998}.Release|Any CPU.Build.0 = Release|Any CPU
		{FBEDCEED-F0C4-AD2C-470B-C1F431818EFB}.Debug|Any CPU.ActiveCfg = Debug|Any CPU
		{FBEDCEED-F0C4-AD2C-470B-C1F431818EFB}.Debug|Any CPU.Build.0 = Debug|Any CPU
		{FBEDCEED-F0C4-AD2C-470B-C1F431818EFB}.Release|Any CPU.ActiveCfg = Release|Any CPU
		{FBEDCEED-F0C4-AD2C-470B-C1F431818EFB}.Release|Any CPU.Build.0 = Release|Any CPU
		{FE07BD08-C1A8-12CB-A400-8AF795E27BEF}.Debug|Any CPU.ActiveCfg = Debug|Any CPU
		{FE07BD08-C1A8-12CB-A400-8AF795E27BEF}.Debug|Any CPU.Build.0 = Debug|Any CPU
		{FE07BD08-C1A8-12CB-A400-8AF795E27BEF}.Release|Any CPU.ActiveCfg = Release|Any CPU
		{FE07BD08-C1A8-12CB-A400-8AF795E27BEF}.Release|Any CPU.Build.0 = Release|Any CPU
		{1CD13B76-30D7-6CF2-85E6-09F9F4FAF4F0}.Debug|Any CPU.ActiveCfg = Debug|Any CPU
		{1CD13B76-30D7-6CF2-85E6-09F9F4FAF4F0}.Debug|Any CPU.Build.0 = Debug|Any CPU
		{1CD13B76-30D7-6CF2-85E6-09F9F4FAF4F0}.Release|Any CPU.ActiveCfg = Release|Any CPU
		{1CD13B76-30D7-6CF2-85E6-09F9F4FAF4F0}.Release|Any CPU.Build.0 = Release|Any CPU
		{F0C10B25-63C9-2B3A-CCCB-0A879185DDB0}.Debug|Any CPU.ActiveCfg = Debug|Any CPU
		{F0C10B25-63C9-2B3A-CCCB-0A879185DDB0}.Debug|Any CPU.Build.0 = Debug|Any CPU
		{F0C10B25-63C9-2B3A-CCCB-0A879185DDB0}.Release|Any CPU.ActiveCfg = Release|Any CPU
		{F0C10B25-63C9-2B3A-CCCB-0A879185DDB0}.Release|Any CPU.Build.0 = Release|Any CPU
		{1E7693ED-2B68-3F7A-874D-34D5E7C9A0C4}.Debug|Any CPU.ActiveCfg = Debug|Any CPU
		{1E7693ED-2B68-3F7A-874D-34D5E7C9A0C4}.Debug|Any CPU.Build.0 = Debug|Any CPU
		{1E7693ED-2B68-3F7A-874D-34D5E7C9A0C4}.Release|Any CPU.ActiveCfg = Release|Any CPU
		{1E7693ED-2B68-3F7A-874D-34D5E7C9A0C4}.Release|Any CPU.Build.0 = Release|Any CPU
		{513A6FDE-85DC-7251-2B92-D3758D34B39B}.Debug|Any CPU.ActiveCfg = Debug|Any CPU
		{513A6FDE-85DC-7251-2B92-D3758D34B39B}.Debug|Any CPU.Build.0 = Debug|Any CPU
		{513A6FDE-85DC-7251-2B92-D3758D34B39B}.Release|Any CPU.ActiveCfg = Release|Any CPU
		{513A6FDE-85DC-7251-2B92-D3758D34B39B}.Release|Any CPU.Build.0 = Release|Any CPU
		{10443377-2D6B-1D0A-624F-F4F5CC2003E8}.Debug|Any CPU.ActiveCfg = Debug|Any CPU
		{10443377-2D6B-1D0A-624F-F4F5CC2003E8}.Debug|Any CPU.Build.0 = Debug|Any CPU
		{10443377-2D6B-1D0A-624F-F4F5CC2003E8}.Release|Any CPU.ActiveCfg = Release|Any CPU
		{10443377-2D6B-1D0A-624F-F4F5CC2003E8}.Release|Any CPU.Build.0 = Release|Any CPU
		{4B6720AE-B7FB-A531-439F-005EDA88E208}.Debug|Any CPU.ActiveCfg = Debug|Any CPU
		{4B6720AE-B7FB-A531-439F-005EDA88E208}.Debug|Any CPU.Build.0 = Debug|Any CPU
		{4B6720AE-B7FB-A531-439F-005EDA88E208}.Release|Any CPU.ActiveCfg = Release|Any CPU
		{4B6720AE-B7FB-A531-439F-005EDA88E208}.Release|Any CPU.Build.0 = Release|Any CPU
		{2C7958ED-650E-07B7-5FB8-842DFFDBA7C2}.Debug|Any CPU.ActiveCfg = Debug|Any CPU
		{2C7958ED-650E-07B7-5FB8-842DFFDBA7C2}.Debug|Any CPU.Build.0 = Debug|Any CPU
		{2C7958ED-650E-07B7-5FB8-842DFFDBA7C2}.Release|Any CPU.ActiveCfg = Release|Any CPU
		{2C7958ED-650E-07B7-5FB8-842DFFDBA7C2}.Release|Any CPU.Build.0 = Release|Any CPU
		{922E68A3-177A-5FC6-CA15-0DB64DBEBB51}.Debug|Any CPU.ActiveCfg = Debug|Any CPU
		{922E68A3-177A-5FC6-CA15-0DB64DBEBB51}.Debug|Any CPU.Build.0 = Debug|Any CPU
		{922E68A3-177A-5FC6-CA15-0DB64DBEBB51}.Release|Any CPU.ActiveCfg = Release|Any CPU
		{922E68A3-177A-5FC6-CA15-0DB64DBEBB51}.Release|Any CPU.Build.0 = Release|Any CPU
		{9AAA9884-5C09-526A-F6C6-A79B9B24F465}.Debug|Any CPU.ActiveCfg = Debug|Any CPU
		{9AAA9884-5C09-526A-F6C6-A79B9B24F465}.Debug|Any CPU.Build.0 = Debug|Any CPU
		{9AAA9884-5C09-526A-F6C6-A79B9B24F465}.Release|Any CPU.ActiveCfg = Release|Any CPU
		{9AAA9884-5C09-526A-F6C6-A79B9B24F465}.Release|Any CPU.Build.0 = Release|Any CPU
		{224080F6-E003-4C57-F129-33456E36FEA3}.Debug|Any CPU.ActiveCfg = Debug|Any CPU
		{224080F6-E003-4C57-F129-33456E36FEA3}.Debug|Any CPU.Build.0 = Debug|Any CPU
		{224080F6-E003-4C57-F129-33456E36FEA3}.Release|Any CPU.ActiveCfg = Release|Any CPU
		{224080F6-E003-4C57-F129-33456E36FEA3}.Release|Any CPU.Build.0 = Release|Any CPU
	EndGlobalSection
	GlobalSection(SolutionProperties) = preSolution
		HideSolutionNode = FALSE
	EndGlobalSection
EndGlobal
